
Microsoft Visual Studio Solution File, Format Version 12.00
# Visual Studio Version 17
VisualStudioVersion = 17.14.37027.9 d17.14
MinimumVisualStudioVersion = 10.0.40219.1
Project("{FAE04EC0-301F-11D3-BF4B-00C04F79EFBC}") = "WindowsFormsApp8", "WindowsFormsApp8\WindowsFormsApp8.csproj", "{584D9B21-A1B3-46D0-9806-E9535C8B1865}"
EndProject
Global
	GlobalSection(SolutionConfigurationPlatforms) = preSolution
		Debug|Any CPU = Debug|Any CPU
		Release|Any CPU = Release|Any CPU
	EndGlobalSection
	GlobalSection(ProjectConfigurationPlatforms) = postSolution
		{584D9B21-A1B3-46D0-9806-E9535C8B1865}.Debug|Any CPU.ActiveCfg = Debug|Any CPU
		{584D9B21-A1B3-46D0-9806-E9535C8B1865}.Debug|Any CPU.Build.0 = Debug|Any CPU
		{584D9B21-A1B3-46D0-9806-E9535C8B1865}.Release|Any CPU.ActiveCfg = Release|Any CPU
		{584D9B21-A1B3-46D0-9806-E9535C8B1865}.Release|Any CPU.Build.0 = Release|Any CPU
	EndGlobalSection
	GlobalSection(SolutionProperties) = preSolution
		HideSolutionNode = FALSE
	EndGlobalSection
	GlobalSection(ExtensibilityGlobals) = postSolution
		SolutionGuid = {C8754C45-A4F5-485C-AF58-1FBC80D625BE}
	EndGlobalSection
EndGlobal
